
Microsoft Visual Studio Solution File, Format Version 12.00
# Visual Studio Version 17
VisualStudioVersion = 17.10.35004.147
MinimumVisualStudioVersion = 10.0.40219.1
Project("{9A19103F-16F7-4668-BE54-9A1E7A4F7556}") = "SLN_JOMA_APPLICACION", "SLN_JOMA_APPLICACION\SLN_JOMA_APPLICACION.csproj", "{0265097A-7ED1-4DDB-9F42-DC8679EEEB45}"
EndProject
Project("{2150E333-8FDC-42A3-9474-1A3956D46DE8}") = "1. PRESENTACION", "1. PRESENTACION", "{CA400729-CF0F-49EB-98DD-727E75A32E68}"
EndProject
Project("{2150E333-8FDC-42A3-9474-1A3956D46DE8}") = "1.1 WEB", "1.1 WEB", "{C5DF70FA-471F-4830-9431-D5508DBF8623}"
EndProject
Project("{2150E333-8FDC-42A3-9474-1A3956D46DE8}") = "2. APLICACION", "2. APLICACION", "{6F3F7B18-D1F6-4E5E-B9F9-C703852F3B16}"
EndProject
Project("{2150E333-8FDC-42A3-9474-1A3956D46DE8}") = "3. DOMINIO", "3. DOMINIO", "{B1D3971D-62F0-438A-91E6-D636DADDBD40}"
EndProject
Project("{2150E333-8FDC-42A3-9474-1A3956D46DE8}") = "4. QUERY", "4. QUERY", "{B48B2D80-A174-4D65-B864-04A31905D220}"
EndProject
Project("{2150E333-8FDC-42A3-9474-1A3956D46DE8}") = "5. CROSS CUTTING", "5. CROSS CUTTING", "{AD54C817-6E36-457A-B1D3-BA214C04B006}"
EndProject
Project("{9A19103F-16F7-4668-BE54-9A1E7A4F7556}") = "COM.JOMA.EMP.CROSSCUTTING", "COM.JOMA.EMP.CROSSCUTTING\COM.JOMA.EMP.CROSSCUTTING.csproj", "{5A8E758F-E0C2-4C89-A5F4-A7F523963F21}"
EndProject
Project("{9A19103F-16F7-4668-BE54-9A1E7A4F7556}") = "COM.JOMA.EMP.CROSSCUTTING.SERVICE", "COM.JOMA.EMP.CROSSCUTTING.SERVICE\COM.JOMA.EMP.CROSSCUTTING.SERVICE.csproj", "{FFBDF8DB-57CF-498A-9706-92C8D7F829F9}"
EndProject
Project("{9A19103F-16F7-4668-BE54-9A1E7A4F7556}") = "COM.JOMA.EMP.QUERY.SERVICE", "COM.JOMA.EMP.QUERY.SERVICE\COM.JOMA.EMP.QUERY.SERVICE.csproj", "{D5D617C5-825C-4237-8246-411A34BD4310}"
EndProject
Project("{9A19103F-16F7-4668-BE54-9A1E7A4F7556}") = "COM.JOMA.EMP.QUERY", "COM.JOMA.EMP.QUERY\COM.JOMA.EMP.QUERY.csproj", "{5674BA8E-3B39-4BFC-B567-5327483DA1C6}"
EndProject
Project("{9A19103F-16F7-4668-BE54-9A1E7A4F7556}") = "COM.JOMA.EMP.DOMAIN", "COM.JOMA.EMP.DOMAIN\COM.JOMA.EMP.DOMAIN.csproj", "{DB1A22BE-8DA0-490E-8F99-33FD663608C1}"
EndProject
Project("{9A19103F-16F7-4668-BE54-9A1E7A4F7556}") = "COM.JOMA.EMP.APLICACION", "COM.JOMA.EMP.APLICACION\COM.JOMA.EMP.APLICACION.csproj", "{2CB2FBDD-8563-4613-8AEB-AECD704B06C0}"
EndProject
Project("{9A19103F-16F7-4668-BE54-9A1E7A4F7556}") = "COM.JOMA.EMP.APLICACION.SERVICE", "COM.JOMA.EMP.APLICACION.SERVICE\COM.JOMA.EMP.APLICACION.SERVICE.csproj", "{5C39D33D-3DA9-4888-AB74-657B1C99242A}"
EndProject
Global
	GlobalSection(SolutionConfigurationPlatforms) = preSolution
		Debug|Any CPU = Debug|Any CPU
		Release|Any CPU = Release|Any CPU
	EndGlobalSection
	GlobalSection(ProjectConfigurationPlatforms) = postSolution
		{0265097A-7ED1-4DDB-9F42-DC8679EEEB45}.Debug|Any CPU.ActiveCfg = Debug|Any CPU
		{0265097A-7ED1-4DDB-9F42-DC8679EEEB45}.Debug|Any CPU.Build.0 = Debug|Any CPU
		{0265097A-7ED1-4DDB-9F42-DC8679EEEB45}.Release|Any CPU.ActiveCfg = Release|Any CPU
		{0265097A-7ED1-4DDB-9F42-DC8679EEEB45}.Release|Any CPU.Build.0 = Release|Any CPU
		{5A8E758F-E0C2-4C89-A5F4-A7F523963F21}.Debug|Any CPU.ActiveCfg = Debug|Any CPU
		{5A8E758F-E0C2-4C89-A5F4-A7F523963F21}.Debug|Any CPU.Build.0 = Debug|Any CPU
		{5A8E758F-E0C2-4C89-A5F4-A7F523963F21}.Release|Any CPU.ActiveCfg = Release|Any CPU
		{5A8E758F-E0C2-4C89-A5F4-A7F523963F21}.Release|Any CPU.Build.0 = Release|Any CPU
		{FFBDF8DB-57CF-498A-9706-92C8D7F829F9}.Debug|Any CPU.ActiveCfg = Debug|Any CPU
		{FFBDF8DB-57CF-498A-9706-92C8D7F829F9}.Debug|Any CPU.Build.0 = Debug|Any CPU
		{FFBDF8DB-57CF-498A-9706-92C8D7F829F9}.Release|Any CPU.ActiveCfg = Release|Any CPU
		{FFBDF8DB-57CF-498A-9706-92C8D7F829F9}.Release|Any CPU.Build.0 = Release|Any CPU
		{D5D617C5-825C-4237-8246-411A34BD4310}.Debug|Any CPU.ActiveCfg = Debug|Any CPU
		{D5D617C5-825C-4237-8246-411A34BD4310}.Debug|Any CPU.Build.0 = Debug|Any CPU
		{D5D617C5-825C-4237-8246-411A34BD4310}.Release|Any CPU.ActiveCfg = Release|Any CPU
		{D5D617C5-825C-4237-8246-411A34BD4310}.Release|Any CPU.Build.0 = Release|Any CPU
		{5674BA8E-3B39-4BFC-B567-5327483DA1C6}.Debug|Any CPU.ActiveCfg = Debug|Any CPU
		{5674BA8E-3B39-4BFC-B567-5327483DA1C6}.Debug|Any CPU.Build.0 = Debug|Any CPU
		{5674BA8E-3B39-4BFC-B567-5327483DA1C6}.Release|Any CPU.ActiveCfg = Release|Any CPU
		{5674BA8E-3B39-4BFC-B567-5327483DA1C6}.Release|Any CPU.Build.0 = Release|Any CPU
		{DB1A22BE-8DA0-490E-8F99-33FD663608C1}.Debug|Any CPU.ActiveCfg = Debug|Any CPU
		{DB1A22BE-8DA0-490E-8F99-33FD663608C1}.Debug|Any CPU.Build.0 = Debug|Any CPU
		{DB1A22BE-8DA0-490E-8F99-33FD663608C1}.Release|Any CPU.ActiveCfg = Release|Any CPU
		{DB1A22BE-8DA0-490E-8F99-33FD663608C1}.Release|Any CPU.Build.0 = Release|Any CPU
		{2CB2FBDD-8563-4613-8AEB-AECD704B06C0}.Debug|Any CPU.ActiveCfg = Debug|Any CPU
		{2CB2FBDD-8563-4613-8AEB-AECD704B06C0}.Debug|Any CPU.Build.0 = Debug|Any CPU
		{2CB2FBDD-8563-4613-8AEB-AECD704B06C0}.Release|Any CPU.ActiveCfg = Release|Any CPU
		{2CB2FBDD-8563-4613-8AEB-AECD704B06C0}.Release|Any CPU.Build.0 = Release|Any CPU
		{5C39D33D-3DA9-4888-AB74-657B1C99242A}.Debug|Any CPU.ActiveCfg = Debug|Any CPU
		{5C39D33D-3DA9-4888-AB74-657B1C99242A}.Debug|Any CPU.Build.0 = Debug|Any CPU
		{5C39D33D-3DA9-4888-AB74-657B1C99242A}.Release|Any CPU.ActiveCfg = Release|Any CPU
		{5C39D33D-3DA9-4888-AB74-657B1C99242A}.Release|Any CPU.Build.0 = Release|Any CPU
	EndGlobalSection
	GlobalSection(SolutionProperties) = preSolution
		HideSolutionNode = FALSE
	EndGlobalSection
	GlobalSection(NestedProjects) = preSolution
		{0265097A-7ED1-4DDB-9F42-DC8679EEEB45} = {C5DF70FA-471F-4830-9431-D5508DBF8623}
		{C5DF70FA-471F-4830-9431-D5508DBF8623} = {CA400729-CF0F-49EB-98DD-727E75A32E68}
		{5A8E758F-E0C2-4C89-A5F4-A7F523963F21} = {AD54C817-6E36-457A-B1D3-BA214C04B006}
		{FFBDF8DB-57CF-498A-9706-92C8D7F829F9} = {AD54C817-6E36-457A-B1D3-BA214C04B006}
		{D5D617C5-825C-4237-8246-411A34BD4310} = {B48B2D80-A174-4D65-B864-04A31905D220}
		{5674BA8E-3B39-4BFC-B567-5327483DA1C6} = {B48B2D80-A174-4D65-B864-04A31905D220}
		{DB1A22BE-8DA0-490E-8F99-33FD663608C1} = {B1D3971D-62F0-438A-91E6-D636DADDBD40}
		{2CB2FBDD-8563-4613-8AEB-AECD704B06C0} = {6F3F7B18-D1F6-4E5E-B9F9-C703852F3B16}
		{5C39D33D-3DA9-4888-AB74-657B1C99242A} = {6F3F7B18-D1F6-4E5E-B9F9-C703852F3B16}
	EndGlobalSection
	GlobalSection(ExtensibilityGlobals) = postSolution
		SolutionGuid = {C8CC28DB-9528-4672-83AA-CFD3DAA0922C}
	EndGlobalSection
EndGlobal
